
Microsoft Visual Studio Solution File, Format Version 12.00
# Visual Studio Version 16
VisualStudioVersion = 16.0.31205.134
MinimumVisualStudioVersion = 10.0.40219.1
Project("{FAE04EC0-301F-11D3-BF4B-00C04F79EFBC}") = "PointerPlus", "PointerPlus\PointerPlus.csproj", "{A545A2A8-9FD6-4C3E-9010-01D6293654EA}"
EndProject
Global
	GlobalSection(SolutionConfigurationPlatforms) = preSolution
		Debug|Any CPU = Debug|Any CPU
		Release|Any CPU = Release|Any CPU
	EndGlobalSection
	GlobalSection(ProjectConfigurationPlatforms) = postSolution
		{A545A2A8-9FD6-4C3E-9010-01D6293654EA}.Debug|Any CPU.ActiveCfg = Debug|Any CPU
		{A545A2A8-9FD6-4C3E-9010-01D6293654EA}.Debug|Any CPU.Build.0 = Debug|Any CPU
		{A545A2A8-9FD6-4C3E-9010-01D6293654EA}.Release|Any CPU.ActiveCfg = Release|Any CPU
		{A545A2A8-9FD6-4C3E-9010-01D6293654EA}.Release|Any CPU.Build.0 = Release|Any CPU
	EndGlobalSection
	GlobalSection(SolutionProperties) = preSolution
		HideSolutionNode = FALSE
	EndGlobalSection
	GlobalSection(ExtensibilityGlobals) = postSolution
		SolutionGuid = {B5A7F8F1-D957-4A64-80F6-D0EF5BF37CCE}
	EndGlobalSection
EndGlobal
